{
  "nodes": {
    "deno2nix": {
      "flake": false,
      "locked": {
        "lastModified": 1771449470,
        "narHash": "sha256-ZGKHKRB7K5aUIyJenXwOcX21F2yTXLa19q3YXQM3E48=",
        "owner": "aMOPel",
        "repo": "deno2nix",
        "rev": "adb4dcea663cd61c19e01c8c36dd73db4af358a5",
        "type": "github"
      },
      "original": {
        "owner": "aMOPel",
        "ref": "custom-made-fetcher",
        "repo": "deno2nix",
        "type": "github"
      }
    },
    "nix-repin": {
      "inputs": {
        "deno2nix": "deno2nix",
        "nixpkgs": [
          "nixpkgs"
        ]
      },
      "locked": {
        "lastModified": 1789412607,
        "narHash": "sha256-6pm8tq3i71fHyJ7J/Wh7LIoG/3N4VFpmkPY1rcxxqmw=",
        "owner": "so1ve",
        "repo": "nix-repin",
        "rev": "780ba168d0855914ae76413030a31dd5658e4590",
        "type": "github"
      },
      "original": {
        "owner": "so1ve",
        "repo": "nix-repin",
        "type": "github"
      }
    },
    "nixpkgs": {
      "locked": {
        "lastModified": 1791456040,
        "narHash": "sha256-H83yz/do+hjOO0uujHyH8RgtIQP2v7Mw+cLwcZK/xKc=",
        "owner": "NixOS",
        "repo": "nixpkgs",
        "rev": "e7439b6b14ad3cc35d05608ebca9bce01a25f5f8",
        "type": "github"
      },
      "original": {
        "owner": "NixOS",
        "ref": "nixos-unstable",
        "repo": "nixpkgs",
        "type": "github"
      }
    },
    "root": {
      "inputs": {
        "nix-repin": "nix-repin",
        "nixpkgs": "nixpkgs",
        "treefmt-nix": "treefmt-nix"
      }
    },
    "treefmt-nix": {
      "inputs": {
        "nixpkgs": [
          "nixpkgs"
        ]
      },
      "locked": {
        "lastModified": 1791490544,
        "narHash": "sha256-qScE7Wz6Zg7eg8ItUpnkmKgst8weWschGe0E8jM4rj4=",
        "owner": "numtide",
        "repo": "treefmt-nix",
        "rev": "4cfe8d7065cc8ca91c0a50361b6dd74920eeb1f5",
        "type": "github"
      },
      "original": {
        "owner": "numtide",
        "repo": "treefmt-nix",
        "type": "github"
      }
    }
  },
  "root": "root",
  "version": 7
}
